
Microsoft Visual Studio Solution File, Format Version 12.00
# Visual Studio Version 16
VisualStudioVersion = 16.0.31424.327
MinimumVisualStudioVersion = 10.0.40219.1
Project("{FAE04EC0-301F-11D3-BF4B-00C04F79EFBC}") = "CustomerClass", "CustomerClass\CustomerClass.csproj", "{8EB620FB-5F51-47AC-A992-2F7B8D5EA837}"
EndProject
Project("{FAE04EC0-301F-11D3-BF4B-00C04F79EFBC}") = "RPA.UiPath.Classlib", "RPA.UiPath.Classlib\RPA.UiPath.Classlib.csproj", "{EA2D168B-8F0A-4556-AC63-DDFEB6427B07}"
EndProject
Project("{FAE04EC0-301F-11D3-BF4B-00C04F79EFBC}") = "Test", "Test\Test.csproj", "{8AAFC399-002D-40C7-B65F-540EAEAC725A}"
EndProject
Global
	GlobalSection(SolutionConfigurationPlatforms) = preSolution
		Debug|Any CPU = Debug|Any CPU
		Release|Any CPU = Release|Any CPU
	EndGlobalSection
	GlobalSection(ProjectConfigurationPlatforms) = postSolution
		{8EB620FB-5F51-47AC-A992-2F7B8D5EA837}.Debug|Any CPU.ActiveCfg = Debug|Any CPU
		{8EB620FB-5F51-47AC-A992-2F7B8D5EA837}.Debug|Any CPU.Build.0 = Debug|Any CPU
		{8EB620FB-5F51-47AC-A992-2F7B8D5EA837}.Release|Any CPU.ActiveCfg = Release|Any CPU
		{8EB620FB-5F51-47AC-A992-2F7B8D5EA837}.Release|Any CPU.Build.0 = Release|Any CPU
		{EA2D168B-8F0A-4556-AC63-DDFEB6427B07}.Debug|Any CPU.ActiveCfg = Debug|Any CPU
		{EA2D168B-8F0A-4556-AC63-DDFEB6427B07}.Debug|Any CPU.Build.0 = Debug|Any CPU
		{EA2D168B-8F0A-4556-AC63-DDFEB6427B07}.Release|Any CPU.ActiveCfg = Release|Any CPU
		{EA2D168B-8F0A-4556-AC63-DDFEB6427B07}.Release|Any CPU.Build.0 = Release|Any CPU
		{8AAFC399-002D-40C7-B65F-540EAEAC725A}.Debug|Any CPU.ActiveCfg = Debug|Any CPU
		{8AAFC399-002D-40C7-B65F-540EAEAC725A}.Debug|Any CPU.Build.0 = Debug|Any CPU
		{8AAFC399-002D-40C7-B65F-540EAEAC725A}.Release|Any CPU.ActiveCfg = Release|Any CPU
		{8AAFC399-002D-40C7-B65F-540EAEAC725A}.Release|Any CPU.Build.0 = Release|Any CPU
	EndGlobalSection
	GlobalSection(SolutionProperties) = preSolution
		HideSolutionNode = FALSE
	EndGlobalSection
	GlobalSection(ExtensibilityGlobals) = postSolution
		SolutionGuid = {7816DB04-7D9B-426F-8D61-9223539BD712}
	EndGlobalSection
EndGlobal
